
Microsoft Visual Studio Solution File, Format Version 12.00
# Visual Studio Version 16
VisualStudioVersion = 16.0.30709.64
MinimumVisualStudioVersion = 10.0.40219.1
Project("{FAE04EC0-301F-11D3-BF4B-00C04F79EFBC}") = "IntrinsicSupport", "IntrinsicSupport.csproj", "{4DE50A56-129F-44DD-BC8F-746BEE9359DE}"
EndProject
Global
	GlobalSection(SolutionConfigurationPlatforms) = preSolution
		Debug|Any CPU = Debug|Any CPU
		Release|Any CPU = Release|Any CPU
	EndGlobalSection
	GlobalSection(ProjectConfigurationPlatforms) = postSolution
		{4DE50A56-129F-44DD-BC8F-746BEE9359DE}.Debug|Any CPU.ActiveCfg = Debug|Any CPU
		{4DE50A56-129F-44DD-BC8F-746BEE9359DE}.Debug|Any CPU.Build.0 = Debug|Any CPU
		{4DE50A56-129F-44DD-BC8F-746BEE9359DE}.Release|Any CPU.ActiveCfg = Release|Any CPU
		{4DE50A56-129F-44DD-BC8F-746BEE9359DE}.Release|Any CPU.Build.0 = Release|Any CPU
	EndGlobalSection
	GlobalSection(SolutionProperties) = preSolution
		HideSolutionNode = FALSE
	EndGlobalSection
	GlobalSection(ExtensibilityGlobals) = postSolution
		SolutionGuid = {FA5C4C80-9E7E-4EF3-8261-0F25D0328E8A}
	EndGlobalSection
EndGlobal
